
Microsoft Visual Studio Solution File, Format Version 12.00
# Visual Studio Version 17
VisualStudioVersion = 17.10.34928.147
MinimumVisualStudioVersion = 10.0.40219.1
Project("{FAE04EC0-301F-11D3-BF4B-00C04F79EFBC}") = "GiriPet.Data", "GiriPet.Data\GiriPet.Data.csproj", "{3351EA99-F0F8-44B0-9104-8A4DB5FF3638}"
EndProject
Project("{FAE04EC0-301F-11D3-BF4B-00C04F79EFBC}") = "GiriPet.Logic", "GiriPet.Logic\GiriPet.Logic.csproj", "{F981A216-C774-4A1B-B12D-245AF4E34617}"
EndProject
Project("{FAE04EC0-301F-11D3-BF4B-00C04F79EFBC}") = "GiriPet.Api", "GiriPet.Api\GiriPet.Api.csproj", "{164F7620-636A-4853-90C4-C44265CE6DF3}"
EndProject
Global
	GlobalSection(SolutionConfigurationPlatforms) = preSolution
		Debug|Any CPU = Debug|Any CPU
		Release|Any CPU = Release|Any CPU
	EndGlobalSection
	GlobalSection(ProjectConfigurationPlatforms) = postSolution
		{3351EA99-F0F8-44B0-9104-8A4DB5FF3638}.Debug|Any CPU.ActiveCfg = Debug|Any CPU
		{3351EA99-F0F8-44B0-9104-8A4DB5FF3638}.Debug|Any CPU.Build.0 = Debug|Any CPU
		{3351EA99-F0F8-44B0-9104-8A4DB5FF3638}.Release|Any CPU.ActiveCfg = Release|Any CPU
		{3351EA99-F0F8-44B0-9104-8A4DB5FF3638}.Release|Any CPU.Build.0 = Release|Any CPU
		{F981A216-C774-4A1B-B12D-245AF4E34617}.Debug|Any CPU.ActiveCfg = Debug|Any CPU
		{F981A216-C774-4A1B-B12D-245AF4E34617}.Debug|Any CPU.Build.0 = Debug|Any CPU
		{F981A216-C774-4A1B-B12D-245AF4E34617}.Release|Any CPU.ActiveCfg = Release|Any CPU
		{F981A216-C774-4A1B-B12D-245AF4E34617}.Release|Any CPU.Build.0 = Release|Any CPU
		{164F7620-636A-4853-90C4-C44265CE6DF3}.Debug|Any CPU.ActiveCfg = Debug|Any CPU
		{164F7620-636A-4853-90C4-C44265CE6DF3}.Debug|Any CPU.Build.0 = Debug|Any CPU
		{164F7620-636A-4853-90C4-C44265CE6DF3}.Release|Any CPU.ActiveCfg = Release|Any CPU
		{164F7620-636A-4853-90C4-C44265CE6DF3}.Release|Any CPU.Build.0 = Release|Any CPU
	EndGlobalSection
	GlobalSection(SolutionProperties) = preSolution
		HideSolutionNode = FALSE
	EndGlobalSection
	GlobalSection(ExtensibilityGlobals) = postSolution
		SolutionGuid = {75F4BD20-B9E2-470C-A8A2-AC852B08CDBE}
	EndGlobalSection
EndGlobal
